<?xml version="1.0" encoding="utf-8"?>
<Project ToolsVersion="4.0" xmlns="http://schemas.microsoft.com/developer/msbuild/2003">
  <ItemGroup>
    <ClCompile Include="src\Shared\Entity.cpp">
      <Filter>Game</Filter>
    </ClCompile>
    <ClCompile Include="src\Shared\DynamicEntity.cpp">
      <Filter>Game</Filter>
    </ClCompile>
    <ClCompile Include="src\Shared\StaticEntity.cpp">
      <Filter>Game</Filter>
    </ClCompile>
    <ClCompile Include="src\Server\Peer.cpp">
      <Filter>Server</Filter>
    </ClCompile>
    <ClCompile Include="src\Server\Server.cpp">
      <Filter>Server</Filter>
    </ClCompile>
    <ClCompile Include="src\Shared\Zombie.cpp">
      <Filter>Game</Filter>
    </ClCompile>
    <ClCompile Include="src\Shared\PowerUp.cpp">
      <Filter>Game</Filter>
    </ClCompile>
    <ClCompile Include="src\Shared\Human.cpp">
      <Filter>Game</Filter>
    </ClCompile>
    <ClCompile Include="src\Server\Main.cpp" />
    <ClCompile Include="src\Server\GameWorld.cpp">
      <Filter>Game</Filter>
    </ClCompile>
  </ItemGroup>
  <ItemGroup>
    <Filter Include="Server">
      <UniqueIdentifier>{1a42b830-f671-4dd4-8052-3902879c0d34}</UniqueIdentifier>
    </Filter>
    <Filter Include="Game">
      <UniqueIdentifier>{60fde45c-e382-4a27-a746-0425f9e77632}</UniqueIdentifier>
    </Filter>
    <Filter Include="Util">
      <UniqueIdentifier>{c2190ab7-3cf1-4e96-a878-7b25d954bf3d}</UniqueIdentifier>
    </Filter>
  </ItemGroup>
  <ItemGroup>
    <ClInclude Include="include\Shared\Entity.h">
      <Filter>Game</Filter>
    </ClInclude>
    <ClInclude Include="include\Shared\DynamicEntity.h">
      <Filter>Game</Filter>
    </ClInclude>
    <ClInclude Include="include\Shared\StaticEntity.h">
      <Filter>Game</Filter>
    </ClInclude>
    <ClInclude Include="include\Server\Peer.h">
      <Filter>Server</Filter>
    </ClInclude>
    <ClInclude Include="include\Server\Server.h">
      <Filter>Server</Filter>
    </ClInclude>
    <ClInclude Include="include\Shared\NetProtocol.h">
      <Filter>Server</Filter>
    </ClInclude>
    <ClInclude Include="include\Shared\Zombie.h">
      <Filter>Game</Filter>
    </ClInclude>
    <ClInclude Include="include\Shared\PowerUp.h">
      <Filter>Game</Filter>
    </ClInclude>
    <ClInclude Include="include\Shared\Human.h">
      <Filter>Game</Filter>
    </ClInclude>
    <ClInclude Include="include\Server\GameWorld.h">
      <Filter>Game</Filter>
    </ClInclude>
  </ItemGroup>
</Project>